// !$*UTF8*$!
{
	archiveVersion = 1;
	classes = {
	};
	objectVersion = 51;
	objects = {

/* Begin PBXBuildFile section */
		64F96D46CDF67DCE2CFB3E76 /* Pods_YouTube_Clone.framework in Frameworks */ = {isa = PBXBuildFile; fileRef = 21070B594FA7C3623814C786 /* Pods_YouTube_Clone.framework */; };
		9D5B27A8246257E900C95199 /* AppDelegate.swift in Sources */ = {isa = PBXBuildFile; fileRef = 9D5B27A7246257E900C95199 /* AppDelegate.swift */; };
		9D5B27AA246257E900C95199 /* SceneDelegate.swift in Sources */ = {isa = PBXBuildFile; fileRef = 9D5B27A9246257E900C95199 /* SceneDelegate.swift */; };
		9D5B27AC246257E900C95199 /* HomeVC.swift in Sources */ = {isa = PBXBuildFile; fileRef = 9D5B27AB246257E900C95199 /* HomeVC.swift */; };
		9D5B27B1246257EB00C95199 /* Assets.xcassets in Resources */ = {isa = PBXBuildFile; fileRef = 9D5B27B0246257EB00C95199 /* Assets.xcassets */; };
		9D5B27B4246257EB00C95199 /* LaunchScreen.storyboard in Resources */ = {isa = PBXBuildFile; fileRef = 9D5B27B2246257EB00C95199 /* LaunchScreen.storyboard */; };
		9D5B27BE24625C9E00C95199 /* Main.storyboard in Resources */ = {isa = PBXBuildFile; fileRef = 9D5B27BD24625C9E00C95199 /* Main.storyboard */; };
		9D5B27C02463B65900C95199 /* VideoCell.swift in Sources */ = {isa = PBXBuildFile; fileRef = 9D5B27BF2463B65900C95199 /* VideoCell.swift */; };
		9D5B27C22463B7B000C95199 /* Extension.swift in Sources */ = {isa = PBXBuildFile; fileRef = 9D5B27C12463B7B000C95199 /* Extension.swift */; };
		9D5B27C824648F2E00C95199 /* MenuBar.swift in Sources */ = {isa = PBXBuildFile; fileRef = 9D5B27C724648F2E00C95199 /* MenuBar.swift */; };
		9D5B27CA2464986B00C95199 /* MenuCell.swift in Sources */ = {isa = PBXBuildFile; fileRef = 9D5B27C92464986B00C95199 /* MenuCell.swift */; };
		9D5B27CD2464EA0500C95199 /* Video.swift in Sources */ = {isa = PBXBuildFile; fileRef = 9D5B27CC2464EA0500C95199 /* Video.swift */; };
		9D5B27CF2466F18400C95199 /* Constant.swift in Sources */ = {isa = PBXBuildFile; fileRef = 9D5B27CE2466F18400C95199 /* Constant.swift */; };
		9D5B27D12466F3DD00C95199 /* SettingVC.swift in Sources */ = {isa = PBXBuildFile; fileRef = 9D5B27D02466F3DD00C95199 /* SettingVC.swift */; };
		9D5B27D32467162600C95199 /* SettingCell.swift in Sources */ = {isa = PBXBuildFile; fileRef = 9D5B27D22467162500C95199 /* SettingCell.swift */; };
		9D5B27D52467A73400C95199 /* APIService.swift in Sources */ = {isa = PBXBuildFile; fileRef = 9D5B27D42467A73400C95199 /* APIService.swift */; };
		9D5B27D72468F3DA00C95199 /* FeedCell.swift in Sources */ = {isa = PBXBuildFile; fileRef = 9D5B27D62468F3DA00C95199 /* FeedCell.swift */; };
		9D5B27D92469D1E400C95199 /* TrendingCell.swift in Sources */ = {isa = PBXBuildFile; fileRef = 9D5B27D82469D1E400C95199 /* TrendingCell.swift */; };
		9D5B27DB2469D85800C95199 /* SubscriptionCell.swift in Sources */ = {isa = PBXBuildFile; fileRef = 9D5B27DA2469D85800C95199 /* SubscriptionCell.swift */; };
		9D5B27DD2469F26A00C95199 /* VideoLauncer.swift in Sources */ = {isa = PBXBuildFile; fileRef = 9D5B27DC2469F26A00C95199 /* VideoLauncer.swift */; };
		9D5B27DF246B90C800C95199 /* VideoPlayerView.swift in Sources */ = {isa = PBXBuildFile; fileRef = 9D5B27DE246B90C800C95199 /* VideoPlayerView.swift */; };
		9D5B27E1246C500900C95199 /* Protocol.swift in Sources */ = {isa = PBXBuildFile; fileRef = 9D5B27E0246C500900C95199 /* Protocol.swift */; };
/* End PBXBuildFile section */

/* Begin PBXFileReference section */
		21070B594FA7C3623814C786 /* Pods_YouTube_Clone.framework */ = {isa = PBXFileReference; explicitFileType = wrapper.framework; includeInIndex = 0; path = Pods_YouTube_Clone.framework; sourceTree = BUILT_PRODUCTS_DIR; };
		2BCC5A2932BCA6DCF6185F80 /* Pods-YouTube_Clone.debug.xcconfig */ = {isa = PBXFileReference; includeInIndex = 1; lastKnownFileType = text.xcconfig; name = "Pods-YouTube_Clone.debug.xcconfig"; path = "Target Support Files/Pods-YouTube_Clone/Pods-YouTube_Clone.debug.xcconfig"; sourceTree = "<group>"; };
		3864DAE95B45F7F1A6BCDFA6 /* Pods-YouTube_Clone.release.xcconfig */ = {isa = PBXFileReference; includeInIndex = 1; lastKnownFileType = text.xcconfig; name = "Pods-YouTube_Clone.release.xcconfig"; path = "Target Support Files/Pods-YouTube_Clone/Pods-YouTube_Clone.release.xcconfig"; sourceTree = "<group>"; };
		9D5B27A4246257E900C95199 /* YouTube_Clone.app */ = {isa = PBXFileReference; explicitFileType = wrapper.application; includeInIndex = 0; path = YouTube_Clone.app; sourceTree = BUILT_PRODUCTS_DIR; };
		9D5B27A7246257E900C95199 /* AppDelegate.swift */ = {isa = PBXFileReference; lastKnownFileType = sourcecode.swift; path = AppDelegate.swift; sourceTree = "<group>"; };
		9D5B27A9246257E900C95199 /* SceneDelegate.swift */ = {isa = PBXFileReference; lastKnownFileType = sourcecode.swift; path = SceneDelegate.swift; sourceTree = "<group>"; };
		9D5B27AB246257E900C95199 /* HomeVC.swift */ = {isa = PBXFileReference; lastKnownFileType = sourcecode.swift; path = HomeVC.swift; sourceTree = "<group>"; };
		9D5B27B0246257EB00C95199 /* Assets.xcassets */ = {isa = PBXFileReference; lastKnownFileType = folder.assetcatalog; path = Assets.xcassets; sourceTree = "<group>"; };
		9D5B27B3246257EB00C95199 /* Base */ = {isa = PBXFileReference; lastKnownFileType = file.storyboard; name = Base; path = Base.lproj/LaunchScreen.storyboard; sourceTree = "<group>"; };
		9D5B27B5246257EB00C95199 /* Info.plist */ = {isa = PBXFileReference; lastKnownFileType = text.plist.xml; path = Info.plist; sourceTree = "<group>"; };
		9D5B27BD24625C9E00C95199 /* Main.storyboard */ = {isa = PBXFileReference; fileEncoding = 4; lastKnownFileType = file.storyboard; path = Main.storyboard; sourceTree = "<group>"; };
		9D5B27BF2463B65900C95199 /* VideoCell.swift */ = {isa = PBXFileReference; lastKnownFileType = sourcecode.swift; path = VideoCell.swift; sourceTree = "<group>"; };
		9D5B27C12463B7B000C95199 /* Extension.swift */ = {isa = PBXFileReference; lastKnownFileType = sourcecode.swift; path = Extension.swift; sourceTree = "<group>"; };
		9D5B27C724648F2E00C95199 /* MenuBar.swift */ = {isa = PBXFileReference; lastKnownFileType = sourcecode.swift; path = MenuBar.swift; sourceTree = "<group>"; };
		9D5B27C92464986B00C95199 /* MenuCell.swift */ = {isa = PBXFileReference; lastKnownFileType = sourcecode.swift; path = MenuCell.swift; sourceTree = "<group>"; };
		9D5B27CC2464EA0500C95199 /* Video.swift */ = {isa = PBXFileReference; lastKnownFileType = sourcecode.swift; path = Video.swift; sourceTree = "<group>"; };
		9D5B27CE2466F18400C95199 /* Constant.swift */ = {isa = PBXFileReference; lastKnownFileType = sourcecode.swift; path = Constant.swift; sourceTree = "<group>"; };
		9D5B27D02466F3DD00C95199 /* SettingVC.swift */ = {isa = PBXFileReference; lastKnownFileType = sourcecode.swift; path = SettingVC.swift; sourceTree = "<group>"; };
		9D5B27D22467162500C95199 /* SettingCell.swift */ = {isa = PBXFileReference; lastKnownFileType = sourcecode.swift; path = SettingCell.swift; sourceTree = "<group>"; };
		9D5B27D42467A73400C95199 /* APIService.swift */ = {isa = PBXFileReference; lastKnownFileType = sourcecode.swift; path = APIService.swift; sourceTree = "<group>"; };
		9D5B27D62468F3DA00C95199 /* FeedCell.swift */ = {isa = PBXFileReference; lastKnownFileType = sourcecode.swift; path = FeedCell.swift; sourceTree = "<group>"; };
		9D5B27D82469D1E400C95199 /* TrendingCell.swift */ = {isa = PBXFileReference; lastKnownFileType = sourcecode.swift; path = TrendingCell.swift; sourceTree = "<group>"; };
		9D5B27DA2469D85800C95199 /* SubscriptionCell.swift */ = {isa = PBXFileReference; lastKnownFileType = sourcecode.swift; path = SubscriptionCell.swift; sourceTree = "<group>"; };
		9D5B27DC2469F26A00C95199 /* VideoLauncer.swift */ = {isa = PBXFileReference; lastKnownFileType = sourcecode.swift; path = VideoLauncer.swift; sourceTree = "<group>"; };
		9D5B27DE246B90C800C95199 /* VideoPlayerView.swift */ = {isa = PBXFileReference; lastKnownFileType = sourcecode.swift; path = VideoPlayerView.swift; sourceTree = "<group>"; };
		9D5B27E0246C500900C95199 /* Protocol.swift */ = {isa = PBXFileReference; lastKnownFileType = sourcecode.swift; path = Protocol.swift; sourceTree = "<group>"; };
/* End PBXFileReference section */

/* Begin PBXFrameworksBuildPhase section */
		9D5B27A1246257E900C95199 /* Frameworks */ = {
			isa = PBXFrameworksBuildPhase;
			buildActionMask = 2147483647;
			files = (
				64F96D46CDF67DCE2CFB3E76 /* Pods_YouTube_Clone.framework in Frameworks */,
			);
			runOnlyForDeploymentPostprocessing = 0;
		};
/* End PBXFrameworksBuildPhase section */

/* Begin PBXGroup section */
		20A6F673B928A07ACC296C25 /* Frameworks */ = {
			isa = PBXGroup;
			children = (
				21070B594FA7C3623814C786 /* Pods_YouTube_Clone.framework */,
			);
			name = Frameworks;
			sourceTree = "<group>";
		};
		53CC207A8CE3F9D83486CEAF /* Pods */ = {
			isa = PBXGroup;
			children = (
				2BCC5A2932BCA6DCF6185F80 /* Pods-YouTube_Clone.debug.xcconfig */,
				3864DAE95B45F7F1A6BCDFA6 /* Pods-YouTube_Clone.release.xcconfig */,
			);
			path = Pods;
			sourceTree = "<group>";
		};
		9D5B279B246257E900C95199 = {
			isa = PBXGroup;
			children = (
				9D5B27A6246257E900C95199 /* YouTube_Clone */,
				9D5B27A5246257E900C95199 /* Products */,
				53CC207A8CE3F9D83486CEAF /* Pods */,
				20A6F673B928A07ACC296C25 /* Frameworks */,
			);
			sourceTree = "<group>";
		};
		9D5B27A5246257E900C95199 /* Products */ = {
			isa = PBXGroup;
			children = (
				9D5B27A4246257E900C95199 /* YouTube_Clone.app */,
			);
			name = Products;
			sourceTree = "<group>";
		};
		9D5B27A6246257E900C95199 /* YouTube_Clone */ = {
			isa = PBXGroup;
			children = (
				9D5B27C62463B7E000C95199 /* Resource */,
				9D5B27C52463B7D600C95199 /* Utility */,
				9D5B27CB2464E9F800C95199 /* Model */,
				9D5B27C32463B7C100C95199 /* View */,
				9D5B27C42463B7CA00C95199 /* Controller */,
				9D5B27B5246257EB00C95199 /* Info.plist */,
				9D5B27B0246257EB00C95199 /* Assets.xcassets */,
			);
			path = YouTube_Clone;
			sourceTree = "<group>";
		};
		9D5B27C32463B7C100C95199 /* View */ = {
			isa = PBXGroup;
			children = (
				9D5B27BF2463B65900C95199 /* VideoCell.swift */,
				9D5B27C724648F2E00C95199 /* MenuBar.swift */,
				9D5B27C92464986B00C95199 /* MenuCell.swift */,
				9D5B27D22467162500C95199 /* SettingCell.swift */,
				9D5B27D62468F3DA00C95199 /* FeedCell.swift */,
				9D5B27D82469D1E400C95199 /* TrendingCell.swift */,
				9D5B27DA2469D85800C95199 /* SubscriptionCell.swift */,
				9D5B27DE246B90C800C95199 /* VideoPlayerView.swift */,
			);
			path = View;
			sourceTree = "<group>";
		};
		9D5B27C42463B7CA00C95199 /* Controller */ = {
			isa = PBXGroup;
			children = (
				9D5B27AB246257E900C95199 /* HomeVC.swift */,
				9D5B27D02466F3DD00C95199 /* SettingVC.swift */,
				9D5B27DC2469F26A00C95199 /* VideoLauncer.swift */,
			);
			path = Controller;
			sourceTree = "<group>";
		};
		9D5B27C52463B7D600C95199 /* Utility */ = {
			isa = PBXGroup;
			children = (
				9D5B27C12463B7B000C95199 /* Extension.swift */,
				9D5B27CE2466F18400C95199 /* Constant.swift */,
				9D5B27D42467A73400C95199 /* APIService.swift */,
				9D5B27E0246C500900C95199 /* Protocol.swift */,
			);
			path = Utility;
			sourceTree = "<group>";
		};
		9D5B27C62463B7E000C95199 /* Resource */ = {
			isa = PBXGroup;
			children = (
				9D5B27A7246257E900C95199 /* AppDelegate.swift */,
				9D5B27A9246257E900C95199 /* SceneDelegate.swift */,
				9D5B27B2246257EB00C95199 /* LaunchScreen.storyboard */,
				9D5B27BD24625C9E00C95199 /* Main.storyboard */,
			);
			path = Resource;
			sourceTree = "<group>";
		};
		9D5B27CB2464E9F800C95199 /* Model */ = {
			isa = PBXGroup;
			children = (
				9D5B27CC2464EA0500C95199 /* Video.swift */,
			);
			path = Model;
			sourceTree = "<group>";
		};
/* End PBXGroup section */

/* Begin PBXNativeTarget section */
		9D5B27A3246257E900C95199 /* YouTube_Clone */ = {
			isa = PBXNativeTarget;
			buildConfigurationList = 9D5B27B8246257EB00C95199 /* Build configuration list for PBXNativeTarget "YouTube_Clone" */;
			buildPhases = (
				16213B52DE4CD5E0B528A27A /* [CP] Check Pods Manifest.lock */,
				9D5B27A0246257E900C95199 /* Sources */,
				9D5B27A1246257E900C95199 /* Frameworks */,
				9D5B27A2246257E900C95199 /* Resources */,
				E0AE98A363DC365F62C742F9 /* [CP] Embed Pods Frameworks */,
			);
			buildRules = (
			);
			dependencies = (
			);
			name = YouTube_Clone;
			productName = YouTube_Clone;
			productReference = 9D5B27A4246257E900C95199 /* YouTube_Clone.app */;
			productType = "com.apple.product-type.application";
		};
/* End PBXNativeTarget section */

/* Begin PBXProject section */
		9D5B279C246257E900C95199 /* Project object */ = {
			isa = PBXProject;
			attributes = {
				LastSwiftUpdateCheck = 1130;
				LastUpgradeCheck = 1130;
				ORGANIZATIONNAME = wentao;
				TargetAttributes = {
					9D5B27A3246257E900C95199 = {
						CreatedOnToolsVersion = 11.3.1;
					};
				};
			};
			buildConfigurationList = 9D5B279F246257E900C95199 /* Build configuration list for PBXProject "YouTube_Clone" */;
			compatibilityVersion = "Xcode 9.3";
			developmentRegion = en;
			hasScannedForEncodings = 0;
			knownRegions = (
				en,
				Base,
			);
			mainGroup = 9D5B279B246257E900C95199;
			productRefGroup = 9D5B27A5246257E900C95199 /* Products */;
			projectDirPath = "";
			projectRoot = "";
			targets = (
				9D5B27A3246257E900C95199 /* YouTube_Clone */,
			);
		};
/* End PBXProject section */

/* Begin PBXResourcesBuildPhase section */
		9D5B27A2246257E900C95199 /* Resources */ = {
			isa = PBXResourcesBuildPhase;
			buildActionMask = 2147483647;
			files = (
				9D5B27BE24625C9E00C95199 /* Main.storyboard in Resources */,
				9D5B27B4246257EB00C95199 /* LaunchScreen.storyboard in Resources */,
				9D5B27B1246257EB00C95199 /* Assets.xcassets in Resources */,
			);
			runOnlyForDeploymentPostprocessing = 0;
		};
/* End PBXResourcesBuildPhase section */

/* Begin PBXShellScriptBuildPhase section */
		16213B52DE4CD5E0B528A27A /* [CP] Check Pods Manifest.lock */ = {
			isa = PBXShellScriptBuildPhase;
			buildActionMask = 2147483647;
			files = (
			);
			inputFileListPaths = (
			);
			inputPaths = (
				"${PODS_PODFILE_DIR_PATH}/Podfile.lock",
				"${PODS_ROOT}/Manifest.lock",
			);
			name = "[CP] Check Pods Manifest.lock";
			outputFileListPaths = (
			);
			outputPaths = (
				"$(DERIVED_FILE_DIR)/Pods-YouTube_Clone-checkManifestLockResult.txt",
			);
			runOnlyForDeploymentPostprocessing = 0;
			shellPath = /bin/sh;
			shellScript = "diff \"${PODS_PODFILE_DIR_PATH}/Podfile.lock\" \"${PODS_ROOT}/Manifest.lock\" > /dev/null\nif [ $? != 0 ] ; then\n    # print error to STDERR\n    echo \"error: The sandbox is not in sync with the Podfile.lock. Run 'pod install' or update your CocoaPods installation.\" >&2\n    exit 1\nfi\n# This output is used by Xcode 'outputs' to avoid re-running this script phase.\necho \"SUCCESS\" > \"${SCRIPT_OUTPUT_FILE_0}\"\n";
			showEnvVarsInLog = 0;
		};
		E0AE98A363DC365F62C742F9 /* [CP] Embed Pods Frameworks */ = {
			isa = PBXShellScriptBuildPhase;
			buildActionMask = 2147483647;
			files = (
			);
			inputFileListPaths = (
				"${PODS_ROOT}/Target Support Files/Pods-YouTube_Clone/Pods-YouTube_Clone-frameworks-${CONFIGURATION}-input-files.xcfilelist",
			);
			name = "[CP] Embed Pods Frameworks";
			outputFileListPaths = (
				"${PODS_ROOT}/Target Support Files/Pods-YouTube_Clone/Pods-YouTube_Clone-frameworks-${CONFIGURATION}-output-files.xcfilelist",
			);
			runOnlyForDeploymentPostprocessing = 0;
			shellPath = /bin/sh;
			shellScript = "\"${PODS_ROOT}/Target Support Files/Pods-YouTube_Clone/Pods-YouTube_Clone-frameworks.sh\"\n";
			showEnvVarsInLog = 0;
		};
/* End PBXShellScriptBuildPhase section */

/* Begin PBXSourcesBuildPhase section */
		9D5B27A0246257E900C95199 /* Sources */ = {
			isa = PBXSourcesBuildPhase;
			buildActionMask = 2147483647;
			files = (
				9D5B27D92469D1E400C95199 /* TrendingCell.swift in Sources */,
				9D5B27CA2464986B00C95199 /* MenuCell.swift in Sources */,
				9D5B27D72468F3DA00C95199 /* FeedCell.swift in Sources */,
				9D5B27DF246B90C800C95199 /* VideoPlayerView.swift in Sources */,
				9D5B27C22463B7B000C95199 /* Extension.swift in Sources */,
				9D5B27E1246C500900C95199 /* Protocol.swift in Sources */,
				9D5B27CF2466F18400C95199 /* Constant.swift in Sources */,
				9D5B27AC246257E900C95199 /* HomeVC.swift in Sources */,
				9D5B27D32467162600C95199 /* SettingCell.swift in Sources */,
				9D5B27DB2469D85800C95199 /* SubscriptionCell.swift in Sources */,
				9D5B27C824648F2E00C95199 /* MenuBar.swift in Sources */,
				9D5B27C02463B65900C95199 /* VideoCell.swift in Sources */,
				9D5B27CD2464EA0500C95199 /* Video.swift in Sources */,
				9D5B27A8246257E900C95199 /* AppDelegate.swift in Sources */,
				9D5B27D12466F3DD00C95199 /* SettingVC.swift in Sources */,
				9D5B27D52467A73400C95199 /* APIService.swift in Sources */,
				9D5B27DD2469F26A00C95199 /* VideoLauncer.swift in Sources */,
				9D5B27AA246257E900C95199 /* SceneDelegate.swift in Sources */,
			);
			runOnlyForDeploymentPostprocessing = 0;
		};
/* End PBXSourcesBuildPhase section */

/* Begin PBXVariantGroup section */
		9D5B27B2246257EB00C95199 /* LaunchScreen.storyboard */ = {
			isa = PBXVariantGroup;
			children = (
				9D5B27B3246257EB00C95199 /* Base */,
			);
			name = LaunchScreen.storyboard;
			sourceTree = "<group>";
		};
/* End PBXVariantGroup section */

/* Begin XCBuildConfiguration section */
		9D5B27B6246257EB00C95199 /* Debug */ = {
			isa = XCBuildConfiguration;
			buildSettings = {
				ALWAYS_SEARCH_USER_PATHS = NO;
				CLANG_ANALYZER_NONNULL = YES;
				CLANG_ANALYZER_NUMBER_OBJECT_CONVERSION = YES_AGGRESSIVE;
				CLANG_CXX_LANGUAGE_STANDARD = "gnu++14";
				CLANG_CXX_LIBRARY = "libc++";
				CLANG_ENABLE_MODULES = YES;
				CLANG_ENABLE_OBJC_ARC = YES;
				CLANG_ENABLE_OBJC_WEAK = YES;
				CLANG_WARN_BLOCK_CAPTURE_AUTORELEASING = YES;
				CLANG_WARN_BOOL_CONVERSION = YES;
				CLANG_WARN_COMMA = YES;
				CLANG_WARN_CONSTANT_CONVERSION = YES;
				CLANG_WARN_DEPRECATED_OBJC_IMPLEMENTATIONS = YES;
				CLANG_WARN_DIRECT_OBJC_ISA_USAGE = YES_ERROR;
				CLANG_WARN_DOCUMENTATION_COMMENTS = YES;
				CLANG_WARN_EMPTY_BODY = YES;
				CLANG_WARN_ENUM_CONVERSION = YES;
				CLANG_WARN_INFINITE_RECURSION = YES;
				CLANG_WARN_INT_CONVERSION = YES;
				CLANG_WARN_NON_LITERAL_NULL_CONVERSION = YES;
				CLANG_WARN_OBJC_IMPLICIT_RETAIN_SELF = YES;
				CLANG_WARN_OBJC_LITERAL_CONVERSION = YES;
				CLANG_WARN_OBJC_ROOT_CLASS = YES_ERROR;
				CLANG_WARN_RANGE_LOOP_ANALYSIS = YES;
				CLANG_WARN_STRICT_PROTOTYPES = YES;
				CLANG_WARN_SUSPICIOUS_MOVE = YES;
				CLANG_WARN_UNGUARDED_AVAILABILITY = YES_AGGRESSIVE;
				CLANG_WARN_UNREACHABLE_CODE = YES;
				CLANG_WARN__DUPLICATE_METHOD_MATCH = YES;
				COPY_PHASE_STRIP = NO;
				DEBUG_INFORMATION_FORMAT = dwarf;
				ENABLE_STRICT_OBJC_MSGSEND = YES;
				ENABLE_TESTABILITY = YES;
				GCC_C_LANGUAGE_STANDARD = gnu11;
				GCC_DYNAMIC_NO_PIC = NO;
				GCC_NO_COMMON_BLOCKS = YES;
				GCC_OPTIMIZATION_LEVEL = 0;
				GCC_PREPROCESSOR_DEFINITIONS = (
					"DEBUG=1",
					"$(inherited)",
				);
				GCC_WARN_64_TO_32_BIT_CONVERSION = YES;
				GCC_WARN_ABOUT_RETURN_TYPE = YES_ERROR;
				GCC_WARN_UNDECLARED_SELECTOR = YES;
				GCC_WARN_UNINITIALIZED_AUTOS = YES_AGGRESSIVE;
				GCC_WARN_UNUSED_FUNCTION = YES;
				GCC_WARN_UNUSED_VARIABLE = YES;
				IPHONEOS_DEPLOYMENT_TARGET = 13.2;
				MTL_ENABLE_DEBUG_INFO = INCLUDE_SOURCE;
				MTL_FAST_MATH = YES;
				ONLY_ACTIVE_ARCH = YES;
				SDKROOT = iphoneos;
				SWIFT_ACTIVE_COMPILATION_CONDITIONS = DEBUG;
				SWIFT_OPTIMIZATION_LEVEL = "-Onone";
			};
			name = Debug;
		};
		9D5B27B7246257EB00C95199 /* Release */ = {
			isa = XCBuildConfiguration;
			buildSettings = {
				ALWAYS_SEARCH_USER_PATHS = NO;
				CLANG_ANALYZER_NONNULL = YES;
				CLANG_ANALYZER_NUMBER_OBJECT_CONVERSION = YES_AGGRESSIVE;
				CLANG_CXX_LANGUAGE_STANDARD = "gnu++14";
				CLANG_CXX_LIBRARY = "libc++";
				CLANG_ENABLE_MODULES = YES;
				CLANG_ENABLE_OBJC_ARC = YES;
				CLANG_ENABLE_OBJC_WEAK = YES;
				CLANG_WARN_BLOCK_CAPTURE_AUTORELEASING = YES;
				CLANG_WARN_BOOL_CONVERSION = YES;
				CLANG_WARN_COMMA = YES;
				CLANG_WARN_CONSTANT_CONVERSION = YES;
				CLANG_WARN_DEPRECATED_OBJC_IMPLEMENTATIONS = YES;
				CLANG_WARN_DIRECT_OBJC_ISA_USAGE = YES_ERROR;
				CLANG_WARN_DOCUMENTATION_COMMENTS = YES;
				CLANG_WARN_EMPTY_BODY = YES;
				CLANG_WARN_ENUM_CONVERSION = YES;
				CLANG_WARN_INFINITE_RECURSION = YES;
				CLANG_WARN_INT_CONVERSION = YES;
				CLANG_WARN_NON_LITERAL_NULL_CONVERSION = YES;
				CLANG_WARN_OBJC_IMPLICIT_RETAIN_SELF = YES;
				CLANG_WARN_OBJC_LITERAL_CONVERSION = YES;
				CLANG_WARN_OBJC_ROOT_CLASS = YES_ERROR;
				CLANG_WARN_RANGE_LOOP_ANALYSIS = YES;
				CLANG_WARN_STRICT_PROTOTYPES = YES;
				CLANG_WARN_SUSPICIOUS_MOVE = YES;
				CLANG_WARN_UNGUARDED_AVAILABILITY = YES_AGGRESSIVE;
				CLANG_WARN_UNREACHABLE_CODE = YES;
				CLANG_WARN__DUPLICATE_METHOD_MATCH = YES;
				COPY_PHASE_STRIP = NO;
				DEBUG_INFORMATION_FORMAT = "dwarf-with-dsym";
				ENABLE_NS_ASSERTIONS = NO;
				ENABLE_STRICT_OBJC_MSGSEND = YES;
				GCC_C_LANGUAGE_STANDARD = gnu11;
				GCC_NO_COMMON_BLOCKS = YES;
				GCC_WARN_64_TO_32_BIT_CONVERSION = YES;
				GCC_WARN_ABOUT_RETURN_TYPE = YES_ERROR;
				GCC_WARN_UNDECLARED_SELECTOR = YES;
				GCC_WARN_UNINITIALIZED_AUTOS = YES_AGGRESSIVE;
				GCC_WARN_UNUSED_FUNCTION = YES;
				GCC_WARN_UNUSED_VARIABLE = YES;
				IPHONEOS_DEPLOYMENT_TARGET = 13.2;
				MTL_ENABLE_DEBUG_INFO = NO;
				MTL_FAST_MATH = YES;
				SDKROOT = iphoneos;
				SWIFT_COMPILATION_MODE = wholemodule;
				SWIFT_OPTIMIZATION_LEVEL = "-O";
				VALIDATE_PRODUCT = YES;
			};
			name = Release;
		};
		9D5B27B9246257EB00C95199 /* Debug */ = {
			isa = XCBuildConfiguration;
			baseConfigurationReference = 2BCC5A2932BCA6DCF6185F80 /* Pods-YouTube_Clone.debug.xcconfig */;
			buildSettings = {
				ASSETCATALOG_COMPILER_APPICON_NAME = AppIcon;
				CODE_SIGN_STYLE = Automatic;
				DEVELOPMENT_TEAM = G8MRTK77D7;
				INFOPLIST_FILE = YouTube_Clone/Info.plist;
				LD_RUNPATH_SEARCH_PATHS = (
					"$(inherited)",
					"@executable_path/Frameworks",
				);
				PRODUCT_BUNDLE_IDENTIFIER = "com.sheldon.YouTube-Clone";
				PRODUCT_NAME = "$(TARGET_NAME)";
				SWIFT_VERSION = 5.0;
				TARGETED_DEVICE_FAMILY = "1,2";
			};
			name = Debug;
		};
		9D5B27BA246257EB00C95199 /* Release */ = {
			isa = XCBuildConfiguration;
			baseConfigurationReference = 3864DAE95B45F7F1A6BCDFA6 /* Pods-YouTube_Clone.release.xcconfig */;
			buildSettings = {
				ASSETCATALOG_COMPILER_APPICON_NAME = AppIcon;
				CODE_SIGN_STYLE = Automatic;
				DEVELOPMENT_TEAM = G8MRTK77D7;
				INFOPLIST_FILE = YouTube_Clone/Info.plist;
				LD_RUNPATH_SEARCH_PATHS = (
					"$(inherited)",
					"@executable_path/Frameworks",
				);
				PRODUCT_BUNDLE_IDENTIFIER = "com.sheldon.YouTube-Clone";
				PRODUCT_NAME = "$(TARGET_NAME)";
				SWIFT_VERSION = 5.0;
				TARGETED_DEVICE_FAMILY = "1,2";
			};
			name = Release;
		};
/* End XCBuildConfiguration section */

/* Begin XCConfigurationList section */
		9D5B279F246257E900C95199 /* Build configuration list for PBXProject "YouTube_Clone" */ = {
			isa = XCConfigurationList;
			buildConfigurations = (
				9D5B27B6246257EB00C95199 /* Debug */,
				9D5B27B7246257EB00C95199 /* Release */,
			);
			defaultConfigurationIsVisible = 0;
			defaultConfigurationName = Release;
		};
		9D5B27B8246257EB00C95199 /* Build configuration list for PBXNativeTarget "YouTube_Clone" */ = {
			isa = XCConfigurationList;
			buildConfigurations = (
				9D5B27B9246257EB00C95199 /* Debug */,
				9D5B27BA246257EB00C95199 /* Release */,
			);
			defaultConfigurationIsVisible = 0;
			defaultConfigurationName = Release;
		};
/* End XCConfigurationList section */
	};
	rootObject = 9D5B279C246257E900C95199 /* Project object */;
}
